
Microsoft Visual Studio Solution File, Format Version 12.00
# Visual Studio 15
Project("{FAE04EC0-301F-11D3-BF4B-00C04F79EFBC}") = "WebFinalProject", "WebFinalProject\WebFinalProject.csproj", "{93B9F65C-1B78-48A0-BDBC-1EE35B60F6D3}"
EndProject
Global
	GlobalSection(SolutionConfigurationPlatforms) = preSolution
		Debug|Any CPU = Debug|Any CPU
		Release|Any CPU = Release|Any CPU
	EndGlobalSection
	GlobalSection(ProjectConfigurationPlatforms) = postSolution
		{93B9F65C-1B78-48A0-BDBC-1EE35B60F6D3}.Debug|Any CPU.ActiveCfg = Debug|Any CPU
		{93B9F65C-1B78-48A0-BDBC-1EE35B60F6D3}.Debug|Any CPU.Build.0 = Debug|Any CPU
		{93B9F65C-1B78-48A0-BDBC-1EE35B60F6D3}.Release|Any CPU.ActiveCfg = Release|Any CPU
		{93B9F65C-1B78-48A0-BDBC-1EE35B60F6D3}.Release|Any CPU.Build.0 = Release|Any CPU
	EndGlobalSection
EndGlobal
